
Microsoft Visual Studio Solution File, Format Version 12.00
# Visual Studio Version 17
VisualStudioVersion = 17.3.32804.467
MinimumVisualStudioVersion = 10.0.40219.1
Project("{FAE04EC0-301F-11D3-BF4B-00C04F79EFBC}") = "WebApplication1", "WebApplication1\WebApplication1.csproj", "{03D472F8-C6D9-4303-B03B-FBA5F4F619CA}"
EndProject
Global
	GlobalSection(SolutionConfigurationPlatforms) = preSolution
		Debug|Any CPU = Debug|Any CPU
		Release|Any CPU = Release|Any CPU
	EndGlobalSection
	GlobalSection(ProjectConfigurationPlatforms) = postSolution
		{03D472F8-C6D9-4303-B03B-FBA5F4F619CA}.Debug|Any CPU.ActiveCfg = Debug|Any CPU
		{03D472F8-C6D9-4303-B03B-FBA5F4F619CA}.Debug|Any CPU.Build.0 = Debug|Any CPU
		{03D472F8-C6D9-4303-B03B-FBA5F4F619CA}.Release|Any CPU.ActiveCfg = Release|Any CPU
		{03D472F8-C6D9-4303-B03B-FBA5F4F619CA}.Release|Any CPU.Build.0 = Release|Any CPU
	EndGlobalSection
	GlobalSection(SolutionProperties) = preSolution
		HideSolutionNode = FALSE
	EndGlobalSection
	GlobalSection(ExtensibilityGlobals) = postSolution
		SolutionGuid = {8CC7D692-FD12-4542-869D-B93E71D0457A}
	EndGlobalSection
EndGlobal
